
Microsoft Visual Studio Solution File, Format Version 12.00
# Visual Studio 15
VisualStudioVersion = 15.0.27130.2020
MinimumVisualStudioVersion = 10.0.40219.1
Project("{FAE04EC0-301F-11D3-BF4B-00C04F79EFBC}") = "Entidades", "Entidades\Entidades.csproj", "{8B31C421-DB5A-4E46-935D-334FEB3E7B78}"
EndProject
Project("{FAE04EC0-301F-11D3-BF4B-00C04F79EFBC}") = "MiCalculadora", "MiCalculadora\MiCalculadora.csproj", "{32D1A3B9-CF7B-4673-876A-17988F6CA019}"
EndProject
Global
	GlobalSection(SolutionConfigurationPlatforms) = preSolution
		Debug|Any CPU = Debug|Any CPU
		Release|Any CPU = Release|Any CPU
	EndGlobalSection
	GlobalSection(ProjectConfigurationPlatforms) = postSolution
		{8B31C421-DB5A-4E46-935D-334FEB3E7B78}.Debug|Any CPU.ActiveCfg = Debug|Any CPU
		{8B31C421-DB5A-4E46-935D-334FEB3E7B78}.Debug|Any CPU.Build.0 = Debug|Any CPU
		{8B31C421-DB5A-4E46-935D-334FEB3E7B78}.Release|Any CPU.ActiveCfg = Release|Any CPU
		{8B31C421-DB5A-4E46-935D-334FEB3E7B78}.Release|Any CPU.Build.0 = Release|Any CPU
		{32D1A3B9-CF7B-4673-876A-17988F6CA019}.Debug|Any CPU.ActiveCfg = Debug|Any CPU
		{32D1A3B9-CF7B-4673-876A-17988F6CA019}.Debug|Any CPU.Build.0 = Debug|Any CPU
		{32D1A3B9-CF7B-4673-876A-17988F6CA019}.Release|Any CPU.ActiveCfg = Release|Any CPU
		{32D1A3B9-CF7B-4673-876A-17988F6CA019}.Release|Any CPU.Build.0 = Release|Any CPU
	EndGlobalSection
	GlobalSection(SolutionProperties) = preSolution
		HideSolutionNode = FALSE
	EndGlobalSection
	GlobalSection(ExtensibilityGlobals) = postSolution
		SolutionGuid = {8AAC7AC6-E413-427D-94B4-7F49382945D0}
	EndGlobalSection
EndGlobal
